
Microsoft Visual Studio Solution File, Format Version 12.00
# Visual Studio Version 17
VisualStudioVersion = 17.14.36518.9
MinimumVisualStudioVersion = 10.0.40219.1
Project("{2150E333-8FDC-42A3-9474-1A3956D46DE8}") = "Task1", "Task1", "{B09EC286-D013-4A78-AA65-4EB26059DEBC}"
EndProject
Project("{FAE04EC0-301F-11D3-BF4B-00C04F79EFBC}") = "Tyuiu.IvanovSV.Sprint2.Task1.V28", "Tyuiu.IvanovSV.Sprint2.Task1.V28\Tyuiu.IvanovSV.Sprint2.Task1.V28.csproj", "{1B43EF0F-5710-4B01-9031-358BBE0CC648}"
EndProject
Project("{FAE04EC0-301F-11D3-BF4B-00C04F79EFBC}") = "Tyuiu.IvanovSV.Sprint2.Task1.V28.Lib", "Tyuiu.IvanovSV.Sprint2.Task1.V28.Lib\Tyuiu.IvanovSV.Sprint2.Task1.V28.Lib.csproj", "{A7B54701-2BE0-4EB8-814A-ADFB52AE9C84}"
EndProject
Project("{FAE04EC0-301F-11D3-BF4B-00C04F79EFBC}") = "Tyuiu.IvanovSV.Sprint2.Task1.V28.Test", "Tyuiu.IvanovSV.Sprint2.Task1.V28.Test\Tyuiu.IvanovSV.Sprint2.Task1.V28.Test.csproj", "{F1CD7988-1A79-4071-ACC4-90C401AA313D}"
EndProject
Project("{FAE04EC0-301F-11D3-BF4B-00C04F79EFBC}") = "Tyuiu.IvanovSV.Sprint2.Task0.V19", "Tyuiu.IvanovSV.Sprint2.Task0.V19\Tyuiu.IvanovSV.Sprint2.Task0.V19.csproj", "{9EB8C304-1707-4E57-999D-A4B71B0EED71}"
EndProject
Project("{2150E333-8FDC-42A3-9474-1A3956D46DE8}") = "Task0", "Task0", "{02EA681E-C7D8-13C7-8484-4AC65E1B71E8}"
EndProject
Project("{FAE04EC0-301F-11D3-BF4B-00C04F79EFBC}") = "Tyuiu.IvanovSV.Sprint2.Task0.V19.Lib", "Tyuiu.IvanovSV.Sprint2.Task0.V19.Lib\Tyuiu.IvanovSV.Sprint2.Task0.V19.Lib.csproj", "{80CBEAB9-84BF-4B8D-A89F-4A4E2F9A953E}"
EndProject
Project("{FAE04EC0-301F-11D3-BF4B-00C04F79EFBC}") = "Tyuiu.IvanovSV.Sprint2.Task0.V19.Test", "Tyuiu.IvanovSV.Sprint2.Task0.V19.Test\Tyuiu.IvanovSV.Sprint2.Task0.V19.Test.csproj", "{1E39B35F-47A6-45CD-BBD5-78ACD4180B24}"
EndProject
Project("{2150E333-8FDC-42A3-9474-1A3956D46DE8}") = "Task2", "Task2", "{06968E3D-FF7B-41F5-BE8F-7CC9E217A5B2}"
EndProject
Project("{FAE04EC0-301F-11D3-BF4B-00C04F79EFBC}") = "Tyuiu.IvanovSV.Sprint2.Task2.V27", "Tyuiu.IvanovSV.Sprint2.Task2.V27\Tyuiu.IvanovSV.Sprint2.Task2.V27.csproj", "{9C9ED4B9-F48E-466C-AA0A-C922678CF10B}"
EndProject
Project("{FAE04EC0-301F-11D3-BF4B-00C04F79EFBC}") = "Tyuiu.IvanovSV.Sprint2.Task2.V27.Lib", "Tyuiu.IvanovSV.Sprint2.Task2.V27.Lib\Tyuiu.IvanovSV.Sprint2.Task2.V27.Lib.csproj", "{F4DF83E5-F836-45A8-8B0B-76960B2F7F8D}"
EndProject
Project("{FAE04EC0-301F-11D3-BF4B-00C04F79EFBC}") = "Tyuiu.IvanovSV.Sprint2.Task2.V27.Test", "Tyuiu.IvanovSV.Sprint2.Task2.V27.Test\Tyuiu.IvanovSV.Sprint2.Task2.V27.Test.csproj", "{E6D23F52-FF4B-4041-8863-7147820D327A}"
EndProject
Project("{2150E333-8FDC-42A3-9474-1A3956D46DE8}") = "Task3", "Task3", "{13FBB344-7608-496D-B9A7-49093EE300CA}"
EndProject
Project("{FAE04EC0-301F-11D3-BF4B-00C04F79EFBC}") = "Tyuiu.IvanovSV.Sprint2.Task3.V3", "Tyuiu.IvanovSV.Sprint2.Task3.V3\Tyuiu.IvanovSV.Sprint2.Task3.V3.csproj", "{CABE0247-D4EE-4302-B176-942E0F99CAA0}"
EndProject
Project("{FAE04EC0-301F-11D3-BF4B-00C04F79EFBC}") = "Tyuiu.IvanovSV.Sprint2.Task3.V3.Lib", "Tyuiu.IvanovSV.Sprint2.Task3.V3.Lib\Tyuiu.IvanovSV.Sprint2.Task3.V3.Lib.csproj", "{A92EB8F7-888C-445D-816A-325958E0E6B0}"
EndProject
Project("{FAE04EC0-301F-11D3-BF4B-00C04F79EFBC}") = "Tyuiu.IvanovSV.Sprint2.Task3.V3.Test", "Tyuiu.IvanovSV.Sprint2.Task3.V3.Test\Tyuiu.IvanovSV.Sprint2.Task3.V3.Test.csproj", "{5BAFA242-A100-411C-A6C8-6F57AB45809E}"
EndProject
Project("{2150E333-8FDC-42A3-9474-1A3956D46DE8}") = "Task4", "Task4", "{C102885F-E629-4430-9A36-79C3850720C3}"
EndProject
Project("{FAE04EC0-301F-11D3-BF4B-00C04F79EFBC}") = "Tyuiu.IvanovSV.Sprint2.Task4.V17", "Tyuiu.IvanovSV.Sprint2.Task4.V17\Tyuiu.IvanovSV.Sprint2.Task4.V17.csproj", "{920728B8-4839-4464-A8B1-848901109F44}"
EndProject
Project("{FAE04EC0-301F-11D3-BF4B-00C04F79EFBC}") = "Tyuiu.IvanovSV.Sprint2.Task4.V17.Lib", "Tyuiu.IvanovSV.Sprint2.Task4.V17.Lib\Tyuiu.IvanovSV.Sprint2.Task4.V17.Lib.csproj", "{44A2441F-F1A6-43BE-BCA5-0420F213B9D9}"
EndProject
Project("{FAE04EC0-301F-11D3-BF4B-00C04F79EFBC}") = "Tyuiu.IvanovSV.Sprint2.Task4.V17.Test", "Tyuiu.IvanovSV.Sprint2.Task4.V17.Test\Tyuiu.IvanovSV.Sprint2.Task4.V17.Test.csproj", "{8D478ED8-151A-47F0-B346-7AE9C3D4B271}"
EndProject
Project("{2150E333-8FDC-42A3-9474-1A3956D46DE8}") = "Task5", "Task5", "{17AD030D-B199-4C2D-BED0-3C46E613EC26}"
EndProject
Project("{FAE04EC0-301F-11D3-BF4B-00C04F79EFBC}") = "Tyuiu.IvanovSV.Sprint2.Task5.V2", "Tyuiu.IvanovSV.Sprint2.Task5.V2\Tyuiu.IvanovSV.Sprint2.Task5.V2.csproj", "{95DE64DA-058D-45B1-AE4F-D4BE0E611520}"
EndProject
Project("{FAE04EC0-301F-11D3-BF4B-00C04F79EFBC}") = "Tyuiu.IvanovSV.Sprint2.Task5.V2.Lib", "Tyuiu.IvanovSV.Sprint2.Task5.V2.Lib\Tyuiu.IvanovSV.Sprint2.Task5.V2.Lib.csproj", "{D07A88BE-CFF1-485C-AEF8-FD5956AECFDD}"
EndProject
Project("{FAE04EC0-301F-11D3-BF4B-00C04F79EFBC}") = "Tyuiu.IvanovSV.Sprint2.Task5.V2.Test", "Tyuiu.IvanovSV.Sprint2.Task5.V2.Test\Tyuiu.IvanovSV.Sprint2.Task5.V2.Test.csproj", "{25C716CB-4596-4F6C-AE7F-E928CC176671}"
EndProject
Project("{2150E333-8FDC-42A3-9474-1A3956D46DE8}") = "Task6", "Task6", "{93EC85F9-3473-4C2E-AB0E-5478E7F0F791}"
EndProject
Project("{FAE04EC0-301F-11D3-BF4B-00C04F79EFBC}") = "Tyuiu.IvanovSV.Sprint2.Task6.V14.Lib", "Tyuiu.IvanovSV.Sprint2.Task6.V14.Lib\Tyuiu.IvanovSV.Sprint2.Task6.V14.Lib.csproj", "{4A9730EF-1DDB-4060-B5E1-079F5AF389E4}"
EndProject
Project("{FAE04EC0-301F-11D3-BF4B-00C04F79EFBC}") = "Tyuiu.IvanovSV.Sprint2.Task6.V14", "Tyuiu.IvanovSV.Sprint2.Task6.V14\Tyuiu.IvanovSV.Sprint2.Task6.V14.csproj", "{8DB608BA-631C-4A7C-9D1A-71504669C478}"
EndProject
Project("{FAE04EC0-301F-11D3-BF4B-00C04F79EFBC}") = "Tyuiu.IvanovSV.Sprint2.Task6.V14.Test", "Tyuiu.IvanovSV.Sprint2.Task6.V14.Test\Tyuiu.IvanovSV.Sprint2.Task6.V14.Test.csproj", "{84676724-8DA5-4D1A-AB8B-E4F860BB3FAC}"
EndProject
Project("{2150E333-8FDC-42A3-9474-1A3956D46DE8}") = "Task7", "Task7", "{C25E9416-86F1-4D05-9345-D8A442997909}"
EndProject
Project("{FAE04EC0-301F-11D3-BF4B-00C04F79EFBC}") = "Tyuiu.IvanovSV.Sprint2.Task7.V11", "Tyuiu.IvanovSV.Sprint2.Task7.V11\Tyuiu.IvanovSV.Sprint2.Task7.V11.csproj", "{3264C549-6E26-4088-A4DC-5AD9CD2E7EE6}"
EndProject
Project("{FAE04EC0-301F-11D3-BF4B-00C04F79EFBC}") = "Tyuiu.IvanovSV.Sprint2.Task7.V11.Lib", "Tyuiu.IvanovSV.Sprint2.Task7.V11.Lib\Tyuiu.IvanovSV.Sprint2.Task7.V11.Lib.csproj", "{D99CD86E-18D7-41FD-8D45-12C0011503C7}"
EndProject
Project("{FAE04EC0-301F-11D3-BF4B-00C04F79EFBC}") = "Tyuiu.IvanovSV.Sprint2.Task7.V11.Test", "Tyuiu.IvanovSV.Sprint2.Task7.V11.Test\Tyuiu.IvanovSV.Sprint2.Task7.V11.Test.csproj", "{E7695C04-FF30-4F86-B5DF-E56D120073F0}"
EndProject
Global
	GlobalSection(SolutionConfigurationPlatforms) = preSolution
		Debug|Any CPU = Debug|Any CPU
		Release|Any CPU = Release|Any CPU
	EndGlobalSection
	GlobalSection(ProjectConfigurationPlatforms) = postSolution
		{1B43EF0F-5710-4B01-9031-358BBE0CC648}.Debug|Any CPU.ActiveCfg = Debug|Any CPU
		{1B43EF0F-5710-4B01-9031-358BBE0CC648}.Debug|Any CPU.Build.0 = Debug|Any CPU
		{1B43EF0F-5710-4B01-9031-358BBE0CC648}.Release|Any CPU.ActiveCfg = Release|Any CPU
		{1B43EF0F-5710-4B01-9031-358BBE0CC648}.Release|Any CPU.Build.0 = Release|Any CPU
		{A7B54701-2BE0-4EB8-814A-ADFB52AE9C84}.Debug|Any CPU.ActiveCfg = Debug|Any CPU
		{A7B54701-2BE0-4EB8-814A-ADFB52AE9C84}.Debug|Any CPU.Build.0 = Debug|Any CPU
		{A7B54701-2BE0-4EB8-814A-ADFB52AE9C84}.Release|Any CPU.ActiveCfg = Release|Any CPU
		{A7B54701-2BE0-4EB8-814A-ADFB52AE9C84}.Release|Any CPU.Build.0 = Release|Any CPU
		{F1CD7988-1A79-4071-ACC4-90C401AA313D}.Debug|Any CPU.ActiveCfg = Debug|Any CPU
		{F1CD7988-1A79-4071-ACC4-90C401AA313D}.Debug|Any CPU.Build.0 = Debug|Any CPU
		{F1CD7988-1A79-4071-ACC4-90C401AA313D}.Release|Any CPU.ActiveCfg = Release|Any CPU
		{F1CD7988-1A79-4071-ACC4-90C401AA313D}.Release|Any CPU.Build.0 = Release|Any CPU
		{9EB8C304-1707-4E57-999D-A4B71B0EED71}.Debug|Any CPU.ActiveCfg = Debug|Any CPU
		{9EB8C304-1707-4E57-999D-A4B71B0EED71}.Debug|Any CPU.Build.0 = Debug|Any CPU
		{9EB8C304-1707-4E57-999D-A4B71B0EED71}.Release|Any CPU.ActiveCfg = Release|Any CPU
		{9EB8C304-1707-4E57-999D-A4B71B0EED71}.Release|Any CPU.Build.0 = Release|Any CPU
		{80CBEAB9-84BF-4B8D-A89F-4A4E2F9A953E}.Debug|Any CPU.ActiveCfg = Debug|Any CPU
		{80CBEAB9-84BF-4B8D-A89F-4A4E2F9A953E}.Debug|Any CPU.Build.0 = Debug|Any CPU
		{80CBEAB9-84BF-4B8D-A89F-4A4E2F9A953E}.Release|Any CPU.ActiveCfg = Release|Any CPU
		{80CBEAB9-84BF-4B8D-A89F-4A4E2F9A953E}.Release|Any CPU.Build.0 = Release|Any CPU
		{1E39B35F-47A6-45CD-BBD5-78ACD4180B24}.Debug|Any CPU.ActiveCfg = Debug|Any CPU
		{1E39B35F-47A6-45CD-BBD5-78ACD4180B24}.Debug|Any CPU.Build.0 = Debug|Any CPU
		{1E39B35F-47A6-45CD-BBD5-78ACD4180B24}.Release|Any CPU.ActiveCfg = Release|Any CPU
		{1E39B35F-47A6-45CD-BBD5-78ACD4180B24}.Release|Any CPU.Build.0 = Release|Any CPU
		{9C9ED4B9-F48E-466C-AA0A-C922678CF10B}.Debug|Any CPU.ActiveCfg = Debug|Any CPU
		{9C9ED4B9-F48E-466C-AA0A-C922678CF10B}.Debug|Any CPU.Build.0 = Debug|Any CPU
		{9C9ED4B9-F48E-466C-AA0A-C922678CF10B}.Release|Any CPU.ActiveCfg = Release|Any CPU
		{9C9ED4B9-F48E-466C-AA0A-C922678CF10B}.Release|Any CPU.Build.0 = Release|Any CPU
		{F4DF83E5-F836-45A8-8B0B-76960B2F7F8D}.Debug|Any CPU.ActiveCfg = Debug|Any CPU
		{F4DF83E5-F836-45A8-8B0B-76960B2F7F8D}.Debug|Any CPU.Build.0 = Debug|Any CPU
		{F4DF83E5-F836-45A8-8B0B-76960B2F7F8D}.Release|Any CPU.ActiveCfg = Release|Any CPU
		{F4DF83E5-F836-45A8-8B0B-76960B2F7F8D}.Release|Any CPU.Build.0 = Release|Any CPU
		{E6D23F52-FF4B-4041-8863-7147820D327A}.Debug|Any CPU.ActiveCfg = Debug|Any CPU
		{E6D23F52-FF4B-4041-8863-7147820D327A}.Debug|Any CPU.Build.0 = Debug|Any CPU
		{E6D23F52-FF4B-4041-8863-7147820D327A}.Release|Any CPU.ActiveCfg = Release|Any CPU
		{E6D23F52-FF4B-4041-8863-7147820D327A}.Release|Any CPU.Build.0 = Release|Any CPU
		{CABE0247-D4EE-4302-B176-942E0F99CAA0}.Debug|Any CPU.ActiveCfg = Debug|Any CPU
		{CABE0247-D4EE-4302-B176-942E0F99CAA0}.Debug|Any CPU.Build.0 = Debug|Any CPU
		{CABE0247-D4EE-4302-B176-942E0F99CAA0}.Release|Any CPU.ActiveCfg = Release|Any CPU
		{CABE0247-D4EE-4302-B176-942E0F99CAA0}.Release|Any CPU.Build.0 = Release|Any CPU
		{A92EB8F7-888C-445D-816A-325958E0E6B0}.Debug|Any CPU.ActiveCfg = Debug|Any CPU
		{A92EB8F7-888C-445D-816A-325958E0E6B0}.Debug|Any CPU.Build.0 = Debug|Any CPU
		{A92EB8F7-888C-445D-816A-325958E0E6B0}.Release|Any CPU.ActiveCfg = Release|Any CPU
		{A92EB8F7-888C-445D-816A-325958E0E6B0}.Release|Any CPU.Build.0 = Release|Any CPU
		{5BAFA242-A100-411C-A6C8-6F57AB45809E}.Debug|Any CPU.ActiveCfg = Debug|Any CPU
		{5BAFA242-A100-411C-A6C8-6F57AB45809E}.Debug|Any CPU.Build.0 = Debug|Any CPU
		{5BAFA242-A100-411C-A6C8-6F57AB45809E}.Release|Any CPU.ActiveCfg = Release|Any CPU
		{5BAFA242-A100-411C-A6C8-6F57AB45809E}.Release|Any CPU.Build.0 = Release|Any CPU
		{920728B8-4839-4464-A8B1-848901109F44}.Debug|Any CPU.ActiveCfg = Debug|Any CPU
		{920728B8-4839-4464-A8B1-848901109F44}.Debug|Any CPU.Build.0 = Debug|Any CPU
		{920728B8-4839-4464-A8B1-848901109F44}.Release|Any CPU.ActiveCfg = Release|Any CPU
		{920728B8-4839-4464-A8B1-848901109F44}.Release|Any CPU.Build.0 = Release|Any CPU
		{44A2441F-F1A6-43BE-BCA5-0420F213B9D9}.Debug|Any CPU.ActiveCfg = Debug|Any CPU
		{44A2441F-F1A6-43BE-BCA5-0420F213B9D9}.Debug|Any CPU.Build.0 = Debug|Any CPU
		{44A2441F-F1A6-43BE-BCA5-0420F213B9D9}.Release|Any CPU.ActiveCfg = Release|Any CPU
		{44A2441F-F1A6-43BE-BCA5-0420F213B9D9}.Release|Any CPU.Build.0 = Release|Any CPU
		{8D478ED8-151A-47F0-B346-7AE9C3D4B271}.Debug|Any CPU.ActiveCfg = Debug|Any CPU
		{8D478ED8-151A-47F0-B346-7AE9C3D4B271}.Debug|Any CPU.Build.0 = Debug|Any CPU
		{8D478ED8-151A-47F0-B346-7AE9C3D4B271}.Release|Any CPU.ActiveCfg = Release|Any CPU
		{8D478ED8-151A-47F0-B346-7AE9C3D4B271}.Release|Any CPU.Build.0 = Release|Any CPU
		{95DE64DA-058D-45B1-AE4F-D4BE0E611520}.Debug|Any CPU.ActiveCfg = Debug|Any CPU
		{95DE64DA-058D-45B1-AE4F-D4BE0E611520}.Debug|Any CPU.Build.0 = Debug|Any CPU
		{95DE64DA-058D-45B1-AE4F-D4BE0E611520}.Release|Any CPU.ActiveCfg = Release|Any CPU
		{95DE64DA-058D-45B1-AE4F-D4BE0E611520}.Release|Any CPU.Build.0 = Release|Any CPU
		{D07A88BE-CFF1-485C-AEF8-FD5956AECFDD}.Debug|Any CPU.ActiveCfg = Debug|Any CPU
		{D07A88BE-CFF1-485C-AEF8-FD5956AECFDD}.Debug|Any CPU.Build.0 = Debug|Any CPU
		{D07A88BE-CFF1-485C-AEF8-FD5956AECFDD}.Release|Any CPU.ActiveCfg = Release|Any CPU
		{D07A88BE-CFF1-485C-AEF8-FD5956AECFDD}.Release|Any CPU.Build.0 = Release|Any CPU
		{25C716CB-4596-4F6C-AE7F-E928CC176671}.Debug|Any CPU.ActiveCfg = Debug|Any CPU
		{25C716CB-4596-4F6C-AE7F-E928CC176671}.Debug|Any CPU.Build.0 = Debug|Any CPU
		{25C716CB-4596-4F6C-AE7F-E928CC176671}.Release|Any CPU.ActiveCfg = Release|Any CPU
		{25C716CB-4596-4F6C-AE7F-E928CC176671}.Release|Any CPU.Build.0 = Release|Any CPU
		{4A9730EF-1DDB-4060-B5E1-079F5AF389E4}.Debug|Any CPU.ActiveCfg = Debug|Any CPU
		{4A9730EF-1DDB-4060-B5E1-079F5AF389E4}.Debug|Any CPU.Build.0 = Debug|Any CPU
		{4A9730EF-1DDB-4060-B5E1-079F5AF389E4}.Release|Any CPU.ActiveCfg = Release|Any CPU
		{4A9730EF-1DDB-4060-B5E1-079F5AF389E4}.Release|Any CPU.Build.0 = Release|Any CPU
		{8DB608BA-631C-4A7C-9D1A-71504669C478}.Debug|Any CPU.ActiveCfg = Debug|Any CPU
		{8DB608BA-631C-4A7C-9D1A-71504669C478}.Debug|Any CPU.Build.0 = Debug|Any CPU
		{8DB608BA-631C-4A7C-9D1A-71504669C478}.Release|Any CPU.ActiveCfg = Release|Any CPU
		{8DB608BA-631C-4A7C-9D1A-71504669C478}.Release|Any CPU.Build.0 = Release|Any CPU
		{84676724-8DA5-4D1A-AB8B-E4F860BB3FAC}.Debug|Any CPU.ActiveCfg = Debug|Any CPU
		{84676724-8DA5-4D1A-AB8B-E4F860BB3FAC}.Debug|Any CPU.Build.0 = Debug|Any CPU
		{84676724-8DA5-4D1A-AB8B-E4F860BB3FAC}.Release|Any CPU.ActiveCfg = Release|Any CPU
		{84676724-8DA5-4D1A-AB8B-E4F860BB3FAC}.Release|Any CPU.Build.0 = Release|Any CPU
		{3264C549-6E26-4088-A4DC-5AD9CD2E7EE6}.Debug|Any CPU.ActiveCfg = Debug|Any CPU
		{3264C549-6E26-4088-A4DC-5AD9CD2E7EE6}.Debug|Any CPU.Build.0 = Debug|Any CPU
		{3264C549-6E26-4088-A4DC-5AD9CD2E7EE6}.Release|Any CPU.ActiveCfg = Release|Any CPU
		{3264C549-6E26-4088-A4DC-5AD9CD2E7EE6}.Release|Any CPU.Build.0 = Release|Any CPU
		{D99CD86E-18D7-41FD-8D45-12C0011503C7}.Debug|Any CPU.ActiveCfg = Debug|Any CPU
		{D99CD86E-18D7-41FD-8D45-12C0011503C7}.Debug|Any CPU.Build.0 = Debug|Any CPU
		{D99CD86E-18D7-41FD-8D45-12C0011503C7}.Release|Any CPU.ActiveCfg = Release|Any CPU
		{D99CD86E-18D7-41FD-8D45-12C0011503C7}.Release|Any CPU.Build.0 = Release|Any CPU
		{E7695C04-FF30-4F86-B5DF-E56D120073F0}.Debug|Any CPU.ActiveCfg = Debug|Any CPU
		{E7695C04-FF30-4F86-B5DF-E56D120073F0}.Debug|Any CPU.Build.0 = Debug|Any CPU
		{E7695C04-FF30-4F86-B5DF-E56D120073F0}.Release|Any CPU.ActiveCfg = Release|Any CPU
		{E7695C04-FF30-4F86-B5DF-E56D120073F0}.Release|Any CPU.Build.0 = Release|Any CPU
	EndGlobalSection
	GlobalSection(SolutionProperties) = preSolution
		HideSolutionNode = FALSE
	EndGlobalSection
	GlobalSection(NestedProjects) = preSolution
		{1B43EF0F-5710-4B01-9031-358BBE0CC648} = {B09EC286-D013-4A78-AA65-4EB26059DEBC}
		{A7B54701-2BE0-4EB8-814A-ADFB52AE9C84} = {B09EC286-D013-4A78-AA65-4EB26059DEBC}
		{F1CD7988-1A79-4071-ACC4-90C401AA313D} = {B09EC286-D013-4A78-AA65-4EB26059DEBC}
		{9EB8C304-1707-4E57-999D-A4B71B0EED71} = {02EA681E-C7D8-13C7-8484-4AC65E1B71E8}
		{80CBEAB9-84BF-4B8D-A89F-4A4E2F9A953E} = {02EA681E-C7D8-13C7-8484-4AC65E1B71E8}
		{1E39B35F-47A6-45CD-BBD5-78ACD4180B24} = {02EA681E-C7D8-13C7-8484-4AC65E1B71E8}
		{9C9ED4B9-F48E-466C-AA0A-C922678CF10B} = {06968E3D-FF7B-41F5-BE8F-7CC9E217A5B2}
		{F4DF83E5-F836-45A8-8B0B-76960B2F7F8D} = {06968E3D-FF7B-41F5-BE8F-7CC9E217A5B2}
		{E6D23F52-FF4B-4041-8863-7147820D327A} = {06968E3D-FF7B-41F5-BE8F-7CC9E217A5B2}
		{CABE0247-D4EE-4302-B176-942E0F99CAA0} = {13FBB344-7608-496D-B9A7-49093EE300CA}
		{A92EB8F7-888C-445D-816A-325958E0E6B0} = {13FBB344-7608-496D-B9A7-49093EE300CA}
		{5BAFA242-A100-411C-A6C8-6F57AB45809E} = {13FBB344-7608-496D-B9A7-49093EE300CA}
		{920728B8-4839-4464-A8B1-848901109F44} = {C102885F-E629-4430-9A36-79C3850720C3}
		{44A2441F-F1A6-43BE-BCA5-0420F213B9D9} = {C102885F-E629-4430-9A36-79C3850720C3}
		{8D478ED8-151A-47F0-B346-7AE9C3D4B271} = {C102885F-E629-4430-9A36-79C3850720C3}
		{95DE64DA-058D-45B1-AE4F-D4BE0E611520} = {17AD030D-B199-4C2D-BED0-3C46E613EC26}
		{D07A88BE-CFF1-485C-AEF8-FD5956AECFDD} = {17AD030D-B199-4C2D-BED0-3C46E613EC26}
		{25C716CB-4596-4F6C-AE7F-E928CC176671} = {17AD030D-B199-4C2D-BED0-3C46E613EC26}
		{4A9730EF-1DDB-4060-B5E1-079F5AF389E4} = {93EC85F9-3473-4C2E-AB0E-5478E7F0F791}
		{8DB608BA-631C-4A7C-9D1A-71504669C478} = {93EC85F9-3473-4C2E-AB0E-5478E7F0F791}
		{84676724-8DA5-4D1A-AB8B-E4F860BB3FAC} = {93EC85F9-3473-4C2E-AB0E-5478E7F0F791}
		{3264C549-6E26-4088-A4DC-5AD9CD2E7EE6} = {C25E9416-86F1-4D05-9345-D8A442997909}
		{D99CD86E-18D7-41FD-8D45-12C0011503C7} = {C25E9416-86F1-4D05-9345-D8A442997909}
		{E7695C04-FF30-4F86-B5DF-E56D120073F0} = {C25E9416-86F1-4D05-9345-D8A442997909}
	EndGlobalSection
	GlobalSection(ExtensibilityGlobals) = postSolution
		SolutionGuid = {7536B626-9146-4A2A-9177-A603797248CD}
	EndGlobalSection
EndGlobal
