
Microsoft Visual Studio Solution File, Format Version 12.00
# Visual Studio Version 17
VisualStudioVersion = 17.14.36518.9
MinimumVisualStudioVersion = 10.0.40219.1
Project("{2150E333-8FDC-42A3-9474-1A3956D46DE8}") = "Task0", "Task0", "{02EA681E-C7D8-13C7-8484-4AC65E1B71E8}"
EndProject
Project("{FAE04EC0-301F-11D3-BF4B-00C04F79EFBC}") = "Tyuiu.IvanovSV.Sprint2.Task0.V19", "Tyuiu.IvanovSV.Sprint2.Task0.V19\Tyuiu.IvanovSV.Sprint2.Task0.V19.csproj", "{067BC90D-611D-464D-86BD-FBFB32441CDE}"
EndProject
Project("{FAE04EC0-301F-11D3-BF4B-00C04F79EFBC}") = "Tyuiu.IvanovSV.Sprint2.Task0.V19.Lib", "Tyuiu.IvanovSV.Sprint2.Task0.V19.Lib\Tyuiu.IvanovSV.Sprint2.Task0.V19.Lib.csproj", "{3F2206AD-071D-4D76-B9C0-8A60BAF6F7BC}"
EndProject
Project("{FAE04EC0-301F-11D3-BF4B-00C04F79EFBC}") = "Tyuiu.IvanovSV.Sprint2.Task0.V19.Test", "Tyuiu.IvanovSV.Sprint2.Task0.V19.Test\Tyuiu.IvanovSV.Sprint2.Task0.V19.Test.csproj", "{B4CF537F-DE77-4570-827B-F0AD9F790C65}"
EndProject
Project("{2150E333-8FDC-42A3-9474-1A3956D46DE8}") = "Task1", "Task1", "{B09EC286-D013-4A78-AA65-4EB26059DEBC}"
EndProject
Project("{FAE04EC0-301F-11D3-BF4B-00C04F79EFBC}") = "Tyuiu.IvanovSV.Sprint2.Task1.V28", "Tyuiu.IvanovSV.Sprint2.Task1.V28\Tyuiu.IvanovSV.Sprint2.Task1.V28.csproj", "{1B43EF0F-5710-4B01-9031-358BBE0CC648}"
EndProject
Project("{FAE04EC0-301F-11D3-BF4B-00C04F79EFBC}") = "Tyuiu.IvanovSV.Sprint2.Task1.V28.Lib", "Tyuiu.IvanovSV.Sprint2.Task1.V28.Lib\Tyuiu.IvanovSV.Sprint2.Task1.V28.Lib.csproj", "{A7B54701-2BE0-4EB8-814A-ADFB52AE9C84}"
EndProject
Project("{FAE04EC0-301F-11D3-BF4B-00C04F79EFBC}") = "Tyuiu.IvanovSV.Sprint2.Task1.V28.Test", "Tyuiu.IvanovSV.Sprint2.Task1.V28.Test\Tyuiu.IvanovSV.Sprint2.Task1.V28.Test.csproj", "{F1CD7988-1A79-4071-ACC4-90C401AA313D}"
EndProject
Global
	GlobalSection(SolutionConfigurationPlatforms) = preSolution
		Debug|Any CPU = Debug|Any CPU
		Release|Any CPU = Release|Any CPU
	EndGlobalSection
	GlobalSection(ProjectConfigurationPlatforms) = postSolution
		{067BC90D-611D-464D-86BD-FBFB32441CDE}.Debug|Any CPU.ActiveCfg = Debug|Any CPU
		{067BC90D-611D-464D-86BD-FBFB32441CDE}.Debug|Any CPU.Build.0 = Debug|Any CPU
		{067BC90D-611D-464D-86BD-FBFB32441CDE}.Release|Any CPU.ActiveCfg = Release|Any CPU
		{067BC90D-611D-464D-86BD-FBFB32441CDE}.Release|Any CPU.Build.0 = Release|Any CPU
		{3F2206AD-071D-4D76-B9C0-8A60BAF6F7BC}.Debug|Any CPU.ActiveCfg = Debug|Any CPU
		{3F2206AD-071D-4D76-B9C0-8A60BAF6F7BC}.Debug|Any CPU.Build.0 = Debug|Any CPU
		{3F2206AD-071D-4D76-B9C0-8A60BAF6F7BC}.Release|Any CPU.ActiveCfg = Release|Any CPU
		{3F2206AD-071D-4D76-B9C0-8A60BAF6F7BC}.Release|Any CPU.Build.0 = Release|Any CPU
		{B4CF537F-DE77-4570-827B-F0AD9F790C65}.Debug|Any CPU.ActiveCfg = Debug|Any CPU
		{B4CF537F-DE77-4570-827B-F0AD9F790C65}.Debug|Any CPU.Build.0 = Debug|Any CPU
		{B4CF537F-DE77-4570-827B-F0AD9F790C65}.Release|Any CPU.ActiveCfg = Release|Any CPU
		{B4CF537F-DE77-4570-827B-F0AD9F790C65}.Release|Any CPU.Build.0 = Release|Any CPU
		{1B43EF0F-5710-4B01-9031-358BBE0CC648}.Debug|Any CPU.ActiveCfg = Debug|Any CPU
		{1B43EF0F-5710-4B01-9031-358BBE0CC648}.Debug|Any CPU.Build.0 = Debug|Any CPU
		{1B43EF0F-5710-4B01-9031-358BBE0CC648}.Release|Any CPU.ActiveCfg = Release|Any CPU
		{1B43EF0F-5710-4B01-9031-358BBE0CC648}.Release|Any CPU.Build.0 = Release|Any CPU
		{A7B54701-2BE0-4EB8-814A-ADFB52AE9C84}.Debug|Any CPU.ActiveCfg = Debug|Any CPU
		{A7B54701-2BE0-4EB8-814A-ADFB52AE9C84}.Debug|Any CPU.Build.0 = Debug|Any CPU
		{A7B54701-2BE0-4EB8-814A-ADFB52AE9C84}.Release|Any CPU.ActiveCfg = Release|Any CPU
		{A7B54701-2BE0-4EB8-814A-ADFB52AE9C84}.Release|Any CPU.Build.0 = Release|Any CPU
		{F1CD7988-1A79-4071-ACC4-90C401AA313D}.Debug|Any CPU.ActiveCfg = Debug|Any CPU
		{F1CD7988-1A79-4071-ACC4-90C401AA313D}.Debug|Any CPU.Build.0 = Debug|Any CPU
		{F1CD7988-1A79-4071-ACC4-90C401AA313D}.Release|Any CPU.ActiveCfg = Release|Any CPU
		{F1CD7988-1A79-4071-ACC4-90C401AA313D}.Release|Any CPU.Build.0 = Release|Any CPU
	EndGlobalSection
	GlobalSection(SolutionProperties) = preSolution
		HideSolutionNode = FALSE
	EndGlobalSection
	GlobalSection(NestedProjects) = preSolution
		{067BC90D-611D-464D-86BD-FBFB32441CDE} = {02EA681E-C7D8-13C7-8484-4AC65E1B71E8}
		{3F2206AD-071D-4D76-B9C0-8A60BAF6F7BC} = {02EA681E-C7D8-13C7-8484-4AC65E1B71E8}
		{B4CF537F-DE77-4570-827B-F0AD9F790C65} = {02EA681E-C7D8-13C7-8484-4AC65E1B71E8}
		{1B43EF0F-5710-4B01-9031-358BBE0CC648} = {B09EC286-D013-4A78-AA65-4EB26059DEBC}
		{A7B54701-2BE0-4EB8-814A-ADFB52AE9C84} = {B09EC286-D013-4A78-AA65-4EB26059DEBC}
		{F1CD7988-1A79-4071-ACC4-90C401AA313D} = {B09EC286-D013-4A78-AA65-4EB26059DEBC}
	EndGlobalSection
	GlobalSection(ExtensibilityGlobals) = postSolution
		SolutionGuid = {7536B626-9146-4A2A-9177-A603797248CD}
	EndGlobalSection
EndGlobal
